
Microsoft Visual Studio Solution File, Format Version 12.00
# Visual Studio Version 16
VisualStudioVersion = 16.0.29905.134
MinimumVisualStudioVersion = 10.0.40219.1
Project("{FAE04EC0-301F-11D3-BF4B-00C04F79EFBC}") = "JdbCardExchangeRateApiUAT", "JdbCardExchangeRateApiUAT\JdbCardExchangeRateApiUAT.csproj", "{F42A8DDE-F819-4EED-B396-5B7406D85EAC}"
EndProject
Global
	GlobalSection(SolutionConfigurationPlatforms) = preSolution
		Debug|Any CPU = Debug|Any CPU
		Release|Any CPU = Release|Any CPU
	EndGlobalSection
	GlobalSection(ProjectConfigurationPlatforms) = postSolution
		{F42A8DDE-F819-4EED-B396-5B7406D85EAC}.Debug|Any CPU.ActiveCfg = Debug|Any CPU
		{F42A8DDE-F819-4EED-B396-5B7406D85EAC}.Debug|Any CPU.Build.0 = Debug|Any CPU
		{F42A8DDE-F819-4EED-B396-5B7406D85EAC}.Release|Any CPU.ActiveCfg = Release|Any CPU
		{F42A8DDE-F819-4EED-B396-5B7406D85EAC}.Release|Any CPU.Build.0 = Release|Any CPU
	EndGlobalSection
	GlobalSection(SolutionProperties) = preSolution
		HideSolutionNode = FALSE
	EndGlobalSection
	GlobalSection(ExtensibilityGlobals) = postSolution
		SolutionGuid = {AEAC0180-FEF6-4424-B994-E45A95F944FB}
	EndGlobalSection
EndGlobal
